
Microsoft Visual Studio Solution File, Format Version 12.00
# Visual Studio 15
Project("{FAE04EC0-301F-11D3-BF4B-00C04F79EFBC}") = "Wooza", "Wooza\Wooza.csproj", "{E46ABCE0-DBA9-4D40-B710-55BC242945F7}"
EndProject
Project("{2150E333-8FDC-42A3-9474-1A3956D46DE8}") = "1 - Application", "1 - Application", "{04708955-8B14-47B0-99B1-318990B12746}"
EndProject
Project("{2150E333-8FDC-42A3-9474-1A3956D46DE8}") = "2 - Domain", "2 - Domain", "{7C93E323-B2A9-476D-A3E9-FEA03888AA86}"
EndProject
Project("{2150E333-8FDC-42A3-9474-1A3956D46DE8}") = "3 - Service", "3 - Service", "{DC0080C0-20E4-4C7E-AF11-54115890295C}"
EndProject
Project("{2150E333-8FDC-42A3-9474-1A3956D46DE8}") = "4 - Infra", "4 - Infra", "{6FBAE93A-60C0-48AC-8014-BAEC562B6E98}"
EndProject
Project("{2150E333-8FDC-42A3-9474-1A3956D46DE8}") = "4.1 - Data", "4.1 - Data", "{96079859-10A5-4E3F-810E-618DF28C2AA9}"
EndProject
Project("{2150E333-8FDC-42A3-9474-1A3956D46DE8}") = "4.2 - CrossCutting", "4.2 - CrossCutting", "{838C722A-4BA4-4A76-9607-B4CA98A4A327}"
EndProject
Project("{FAE04EC0-301F-11D3-BF4B-00C04F79EFBC}") = "Wooza.Application", "Wooza.Application\Wooza.Application.csproj", "{FDB3AABC-F26B-43FC-9030-5A004FC791B5}"
EndProject
Project("{FAE04EC0-301F-11D3-BF4B-00C04F79EFBC}") = "Wooza.Domain", "Wooza.Domain\Wooza.Domain.csproj", "{33E23349-B521-40C1-81D9-0155911EA727}"
EndProject
Project("{FAE04EC0-301F-11D3-BF4B-00C04F79EFBC}") = "Wooza.Service", "Wooza.Service\Wooza.Service.csproj", "{7FFC03F3-20C3-4616-8BD7-CE3F51BF5040}"
EndProject
Project("{FAE04EC0-301F-11D3-BF4B-00C04F79EFBC}") = "Wooza.Infra.Data", "Wooze.Infra.Data\Wooza.Infra.Data.csproj", "{B84F1460-2E30-4AF2-A3B1-CA064722B4B0}"
EndProject
Project("{FAE04EC0-301F-11D3-BF4B-00C04F79EFBC}") = "Wooza.Infra.CrossCutting", "Wooza.Infra.CrossCutting\Wooza.Infra.CrossCutting.csproj", "{B75244B8-0613-4489-9D85-E0FA8CFC1F13}"
EndProject
Project("{2150E333-8FDC-42A3-9474-1A3956D46DE8}") = "5 - Teste", "5 - Teste", "{6999607A-7AD8-435F-8157-04DD415B3585}"
EndProject
Project("{FAE04EC0-301F-11D3-BF4B-00C04F79EFBC}") = "WoozaTest", "WoozaTest\WoozaTest.csproj", "{69F12908-5533-4AEF-AD8E-CA1F3F84C869}"
EndProject
Global
	GlobalSection(SolutionConfigurationPlatforms) = preSolution
		Debug|Any CPU = Debug|Any CPU
		Release|Any CPU = Release|Any CPU
	EndGlobalSection
	GlobalSection(ProjectConfigurationPlatforms) = postSolution
		{E46ABCE0-DBA9-4D40-B710-55BC242945F7}.Debug|Any CPU.ActiveCfg = Debug|Any CPU
		{E46ABCE0-DBA9-4D40-B710-55BC242945F7}.Debug|Any CPU.Build.0 = Debug|Any CPU
		{E46ABCE0-DBA9-4D40-B710-55BC242945F7}.Release|Any CPU.ActiveCfg = Release|Any CPU
		{E46ABCE0-DBA9-4D40-B710-55BC242945F7}.Release|Any CPU.Build.0 = Release|Any CPU
		{FDB3AABC-F26B-43FC-9030-5A004FC791B5}.Debug|Any CPU.ActiveCfg = Debug|Any CPU
		{FDB3AABC-F26B-43FC-9030-5A004FC791B5}.Debug|Any CPU.Build.0 = Debug|Any CPU
		{FDB3AABC-F26B-43FC-9030-5A004FC791B5}.Release|Any CPU.ActiveCfg = Release|Any CPU
		{FDB3AABC-F26B-43FC-9030-5A004FC791B5}.Release|Any CPU.Build.0 = Release|Any CPU
		{33E23349-B521-40C1-81D9-0155911EA727}.Debug|Any CPU.ActiveCfg = Debug|Any CPU
		{33E23349-B521-40C1-81D9-0155911EA727}.Debug|Any CPU.Build.0 = Debug|Any CPU
		{33E23349-B521-40C1-81D9-0155911EA727}.Release|Any CPU.ActiveCfg = Release|Any CPU
		{33E23349-B521-40C1-81D9-0155911EA727}.Release|Any CPU.Build.0 = Release|Any CPU
		{7FFC03F3-20C3-4616-8BD7-CE3F51BF5040}.Debug|Any CPU.ActiveCfg = Debug|Any CPU
		{7FFC03F3-20C3-4616-8BD7-CE3F51BF5040}.Debug|Any CPU.Build.0 = Debug|Any CPU
		{7FFC03F3-20C3-4616-8BD7-CE3F51BF5040}.Release|Any CPU.ActiveCfg = Release|Any CPU
		{7FFC03F3-20C3-4616-8BD7-CE3F51BF5040}.Release|Any CPU.Build.0 = Release|Any CPU
		{B84F1460-2E30-4AF2-A3B1-CA064722B4B0}.Debug|Any CPU.ActiveCfg = Debug|Any CPU
		{B84F1460-2E30-4AF2-A3B1-CA064722B4B0}.Debug|Any CPU.Build.0 = Debug|Any CPU
		{B84F1460-2E30-4AF2-A3B1-CA064722B4B0}.Release|Any CPU.ActiveCfg = Release|Any CPU
		{B84F1460-2E30-4AF2-A3B1-CA064722B4B0}.Release|Any CPU.Build.0 = Release|Any CPU
		{B75244B8-0613-4489-9D85-E0FA8CFC1F13}.Debug|Any CPU.ActiveCfg = Debug|Any CPU
		{B75244B8-0613-4489-9D85-E0FA8CFC1F13}.Debug|Any CPU.Build.0 = Debug|Any CPU
		{B75244B8-0613-4489-9D85-E0FA8CFC1F13}.Release|Any CPU.ActiveCfg = Release|Any CPU
		{B75244B8-0613-4489-9D85-E0FA8CFC1F13}.Release|Any CPU.Build.0 = Release|Any CPU
		{69F12908-5533-4AEF-AD8E-CA1F3F84C869}.Debug|Any CPU.ActiveCfg = Debug|Any CPU
		{69F12908-5533-4AEF-AD8E-CA1F3F84C869}.Debug|Any CPU.Build.0 = Debug|Any CPU
		{69F12908-5533-4AEF-AD8E-CA1F3F84C869}.Release|Any CPU.ActiveCfg = Release|Any CPU
		{69F12908-5533-4AEF-AD8E-CA1F3F84C869}.Release|Any CPU.Build.0 = Release|Any CPU
	EndGlobalSection
	GlobalSection(NestedProjects) = preSolution
		{96079859-10A5-4E3F-810E-618DF28C2AA9} = {6FBAE93A-60C0-48AC-8014-BAEC562B6E98}
		{838C722A-4BA4-4A76-9607-B4CA98A4A327} = {6FBAE93A-60C0-48AC-8014-BAEC562B6E98}
		{FDB3AABC-F26B-43FC-9030-5A004FC791B5} = {04708955-8B14-47B0-99B1-318990B12746}
		{33E23349-B521-40C1-81D9-0155911EA727} = {7C93E323-B2A9-476D-A3E9-FEA03888AA86}
		{7FFC03F3-20C3-4616-8BD7-CE3F51BF5040} = {DC0080C0-20E4-4C7E-AF11-54115890295C}
		{B84F1460-2E30-4AF2-A3B1-CA064722B4B0} = {96079859-10A5-4E3F-810E-618DF28C2AA9}
		{B75244B8-0613-4489-9D85-E0FA8CFC1F13} = {838C722A-4BA4-4A76-9607-B4CA98A4A327}
		{69F12908-5533-4AEF-AD8E-CA1F3F84C869} = {6999607A-7AD8-435F-8157-04DD415B3585}
	EndGlobalSection
EndGlobal
